
Microsoft Visual Studio Solution File, Format Version 12.00
# Visual Studio Version 16
VisualStudioVersion = 16.0.31424.327
MinimumVisualStudioVersion = 10.0.40219.1
Project("{FAE04EC0-301F-11D3-BF4B-00C04F79EFBC}") = "Airway_Ticketing_Application", "Airway_Ticketing_Application.csproj", "{C84CC651-33E8-487D-A154-358B8662BA19}"
EndProject
Project("{FAE04EC0-301F-11D3-BF4B-00C04F79EFBC}") = "DAL_AirwayTicketing", "..\DAL_AirwayTicketing\DAL_AirwayTicketing.csproj", "{22D73AFF-1549-43A0-9A09-25D1BF67DBE1}"
EndProject
Global
	GlobalSection(SolutionConfigurationPlatforms) = preSolution
		Debug|Any CPU = Debug|Any CPU
		Release|Any CPU = Release|Any CPU
	EndGlobalSection
	GlobalSection(ProjectConfigurationPlatforms) = postSolution
		{C84CC651-33E8-487D-A154-358B8662BA19}.Debug|Any CPU.ActiveCfg = Debug|Any CPU
		{C84CC651-33E8-487D-A154-358B8662BA19}.Debug|Any CPU.Build.0 = Debug|Any CPU
		{C84CC651-33E8-487D-A154-358B8662BA19}.Release|Any CPU.ActiveCfg = Release|Any CPU
		{C84CC651-33E8-487D-A154-358B8662BA19}.Release|Any CPU.Build.0 = Release|Any CPU
		{22D73AFF-1549-43A0-9A09-25D1BF67DBE1}.Debug|Any CPU.ActiveCfg = Debug|Any CPU
		{22D73AFF-1549-43A0-9A09-25D1BF67DBE1}.Debug|Any CPU.Build.0 = Debug|Any CPU
		{22D73AFF-1549-43A0-9A09-25D1BF67DBE1}.Release|Any CPU.ActiveCfg = Release|Any CPU
		{22D73AFF-1549-43A0-9A09-25D1BF67DBE1}.Release|Any CPU.Build.0 = Release|Any CPU
	EndGlobalSection
	GlobalSection(SolutionProperties) = preSolution
		HideSolutionNode = FALSE
	EndGlobalSection
	GlobalSection(ExtensibilityGlobals) = postSolution
		SolutionGuid = {675C8690-A2DC-4E72-887E-19FD2F7F126C}
	EndGlobalSection
EndGlobal
